// !$*UTF8*$!
{
	archiveVersion = 1;
	classes = {
	};
	objectVersion = 51;
	objects = {

/* Begin PBXBuildFile section */
		4E3CEC17257DFB16001E901E /* AppDelegate.swift in Sources */ = {isa = PBXBuildFile; fileRef = 4E3CEC16257DFB16001E901E /* AppDelegate.swift */; };
		4E3CEC19257DFB16001E901E /* SceneDelegate.swift in Sources */ = {isa = PBXBuildFile; fileRef = 4E3CEC18257DFB16001E901E /* SceneDelegate.swift */; };
		4E3CEC1E257DFB16001E901E /* Main.storyboard in Resources */ = {isa = PBXBuildFile; fileRef = 4E3CEC1C257DFB16001E901E /* Main.storyboard */; };
		4E3CEC20257DFB1C001E901E /* Assets.xcassets in Resources */ = {isa = PBXBuildFile; fileRef = 4E3CEC1F257DFB1C001E901E /* Assets.xcassets */; };
		4E3CEC23257DFB1C001E901E /* LaunchScreen.storyboard in Resources */ = {isa = PBXBuildFile; fileRef = 4E3CEC21257DFB1C001E901E /* LaunchScreen.storyboard */; };
		4E3CEC2B257DFB8B001E901E /* LoginViewController.swift in Sources */ = {isa = PBXBuildFile; fileRef = 4E3CEC2A257DFB8B001E901E /* LoginViewController.swift */; };
		4E3CEC2D257DFBAD001E901E /* HomeViewController.swift in Sources */ = {isa = PBXBuildFile; fileRef = 4E3CEC2C257DFBAD001E901E /* HomeViewController.swift */; };
		4E3CEC2F257DFBCB001E901E /* CodeReaderViewController.swift in Sources */ = {isa = PBXBuildFile; fileRef = 4E3CEC2E257DFBCB001E901E /* CodeReaderViewController.swift */; };
		4E3CEC31257DFBE8001E901E /* PostViewController.swift in Sources */ = {isa = PBXBuildFile; fileRef = 4E3CEC30257DFBE8001E901E /* PostViewController.swift */; };
		4E3CEC33257DFC03001E901E /* SettingViewController.swift in Sources */ = {isa = PBXBuildFile; fileRef = 4E3CEC32257DFC03001E901E /* SettingViewController.swift */; };
		4E3CEC35257E0467001E901E /* BookshelfViewController.swift in Sources */ = {isa = PBXBuildFile; fileRef = 4E3CEC34257E0467001E901E /* BookshelfViewController.swift */; };
		4E3CEC39257E06B3001E901E /* TabBarController.swift in Sources */ = {isa = PBXBuildFile; fileRef = 4E3CEC38257E06B3001E901E /* TabBarController.swift */; };
		4E3CEC3B257E09D1001E901E /* GoogleService-Info.plist in Resources */ = {isa = PBXBuildFile; fileRef = 4E3CEC3A257E09D1001E901E /* GoogleService-Info.plist */; };
		4E3CEC3D2585F1B8001E901E /* Const.swift in Sources */ = {isa = PBXBuildFile; fileRef = 4E3CEC3C2585F1B8001E901E /* Const.swift */; };
		73AC61303DF17DCA309E5681 /* Pods_bookshelf.framework in Frameworks */ = {isa = PBXBuildFile; fileRef = A84F836E01544CD2E1358D5A /* Pods_bookshelf.framework */; };
/* End PBXBuildFile section */

/* Begin PBXFileReference section */
		4E3CEC13257DFB16001E901E /* bookshelf.app */ = {isa = PBXFileReference; explicitFileType = wrapper.application; includeInIndex = 0; path = bookshelf.app; sourceTree = BUILT_PRODUCTS_DIR; };
		4E3CEC16257DFB16001E901E /* AppDelegate.swift */ = {isa = PBXFileReference; lastKnownFileType = sourcecode.swift; path = AppDelegate.swift; sourceTree = "<group>"; };
		4E3CEC18257DFB16001E901E /* SceneDelegate.swift */ = {isa = PBXFileReference; lastKnownFileType = sourcecode.swift; path = SceneDelegate.swift; sourceTree = "<group>"; };
		4E3CEC1D257DFB16001E901E /* Base */ = {isa = PBXFileReference; lastKnownFileType = file.storyboard; name = Base; path = Base.lproj/Main.storyboard; sourceTree = "<group>"; };
		4E3CEC1F257DFB1C001E901E /* Assets.xcassets */ = {isa = PBXFileReference; lastKnownFileType = folder.assetcatalog; path = Assets.xcassets; sourceTree = "<group>"; };
		4E3CEC22257DFB1C001E901E /* Base */ = {isa = PBXFileReference; lastKnownFileType = file.storyboard; name = Base; path = Base.lproj/LaunchScreen.storyboard; sourceTree = "<group>"; };
		4E3CEC24257DFB1C001E901E /* Info.plist */ = {isa = PBXFileReference; lastKnownFileType = text.plist.xml; path = Info.plist; sourceTree = "<group>"; };
		4E3CEC2A257DFB8B001E901E /* LoginViewController.swift */ = {isa = PBXFileReference; lastKnownFileType = sourcecode.swift; path = LoginViewController.swift; sourceTree = "<group>"; };
		4E3CEC2C257DFBAD001E901E /* HomeViewController.swift */ = {isa = PBXFileReference; lastKnownFileType = sourcecode.swift; path = HomeViewController.swift; sourceTree = "<group>"; };
		4E3CEC2E257DFBCB001E901E /* CodeReaderViewController.swift */ = {isa = PBXFileReference; lastKnownFileType = sourcecode.swift; path = CodeReaderViewController.swift; sourceTree = "<group>"; };
		4E3CEC30257DFBE8001E901E /* PostViewController.swift */ = {isa = PBXFileReference; lastKnownFileType = sourcecode.swift; path = PostViewController.swift; sourceTree = "<group>"; };
		4E3CEC32257DFC03001E901E /* SettingViewController.swift */ = {isa = PBXFileReference; lastKnownFileType = sourcecode.swift; path = SettingViewController.swift; sourceTree = "<group>"; };
		4E3CEC34257E0467001E901E /* BookshelfViewController.swift */ = {isa = PBXFileReference; lastKnownFileType = sourcecode.swift; path = BookshelfViewController.swift; sourceTree = "<group>"; };
		4E3CEC38257E06B3001E901E /* TabBarController.swift */ = {isa = PBXFileReference; lastKnownFileType = sourcecode.swift; path = TabBarController.swift; sourceTree = "<group>"; };
		4E3CEC3A257E09D1001E901E /* GoogleService-Info.plist */ = {isa = PBXFileReference; fileEncoding = 4; lastKnownFileType = text.plist.xml; path = "GoogleService-Info.plist"; sourceTree = "<group>"; };
		4E3CEC3C2585F1B8001E901E /* Const.swift */ = {isa = PBXFileReference; lastKnownFileType = sourcecode.swift; path = Const.swift; sourceTree = "<group>"; };
		550F35AF118CE539F37DD42F /* Pods-bookshelf.release.xcconfig */ = {isa = PBXFileReference; includeInIndex = 1; lastKnownFileType = text.xcconfig; name = "Pods-bookshelf.release.xcconfig"; path = "Target Support Files/Pods-bookshelf/Pods-bookshelf.release.xcconfig"; sourceTree = "<group>"; };
		6CD70F132707956990876B45 /* Pods-bookshelf.debug.xcconfig */ = {isa = PBXFileReference; includeInIndex = 1; lastKnownFileType = text.xcconfig; name = "Pods-bookshelf.debug.xcconfig"; path = "Target Support Files/Pods-bookshelf/Pods-bookshelf.debug.xcconfig"; sourceTree = "<group>"; };
		A84F836E01544CD2E1358D5A /* Pods_bookshelf.framework */ = {isa = PBXFileReference; explicitFileType = wrapper.framework; includeInIndex = 0; path = Pods_bookshelf.framework; sourceTree = BUILT_PRODUCTS_DIR; };
/* End PBXFileReference section */

/* Begin PBXFrameworksBuildPhase section */
		4E3CEC10257DFB16001E901E /* Frameworks */ = {
			isa = PBXFrameworksBuildPhase;
			buildActionMask = 2147483647;
			files = (
				73AC61303DF17DCA309E5681 /* Pods_bookshelf.framework in Frameworks */,
			);
			runOnlyForDeploymentPostprocessing = 0;
		};
/* End PBXFrameworksBuildPhase section */

/* Begin PBXGroup section */
		4E3CEC0A257DFB16001E901E = {
			isa = PBXGroup;
			children = (
				4E3CEC15257DFB16001E901E /* bookshelf */,
				4E3CEC14257DFB16001E901E /* Products */,
				AEDC3B8FF896F2A5604E6C15 /* Pods */,
				9AD00EA6B11D890E32396FB6 /* Frameworks */,
			);
			sourceTree = "<group>";
		};
		4E3CEC14257DFB16001E901E /* Products */ = {
			isa = PBXGroup;
			children = (
				4E3CEC13257DFB16001E901E /* bookshelf.app */,
			);
			name = Products;
			sourceTree = "<group>";
		};
		4E3CEC15257DFB16001E901E /* bookshelf */ = {
			isa = PBXGroup;
			children = (
				4E3CEC16257DFB16001E901E /* AppDelegate.swift */,
				4E3CEC18257DFB16001E901E /* SceneDelegate.swift */,
				4E3CEC1C257DFB16001E901E /* Main.storyboard */,
				4E3CEC1F257DFB1C001E901E /* Assets.xcassets */,
				4E3CEC21257DFB1C001E901E /* LaunchScreen.storyboard */,
				4E3CEC24257DFB1C001E901E /* Info.plist */,
				4E3CEC2A257DFB8B001E901E /* LoginViewController.swift */,
				4E3CEC2C257DFBAD001E901E /* HomeViewController.swift */,
				4E3CEC2E257DFBCB001E901E /* CodeReaderViewController.swift */,
				4E3CEC30257DFBE8001E901E /* PostViewController.swift */,
				4E3CEC32257DFC03001E901E /* SettingViewController.swift */,
				4E3CEC34257E0467001E901E /* BookshelfViewController.swift */,
				4E3CEC38257E06B3001E901E /* TabBarController.swift */,
				4E3CEC3A257E09D1001E901E /* GoogleService-Info.plist */,
				4E3CEC3C2585F1B8001E901E /* Const.swift */,
			);
			path = bookshelf;
			sourceTree = "<group>";
		};
		9AD00EA6B11D890E32396FB6 /* Frameworks */ = {
			isa = PBXGroup;
			children = (
				A84F836E01544CD2E1358D5A /* Pods_bookshelf.framework */,
			);
			name = Frameworks;
			sourceTree = "<group>";
		};
		AEDC3B8FF896F2A5604E6C15 /* Pods */ = {
			isa = PBXGroup;
			children = (
				6CD70F132707956990876B45 /* Pods-bookshelf.debug.xcconfig */,
				550F35AF118CE539F37DD42F /* Pods-bookshelf.release.xcconfig */,
			);
			path = Pods;
			sourceTree = "<group>";
		};
/* End PBXGroup section */

/* Begin PBXNativeTarget section */
		4E3CEC12257DFB16001E901E /* bookshelf */ = {
			isa = PBXNativeTarget;
			buildConfigurationList = 4E3CEC27257DFB1C001E901E /* Build configuration list for PBXNativeTarget "bookshelf" */;
			buildPhases = (
				A17FAED71BF37FF561B1273B /* [CP] Check Pods Manifest.lock */,
				4E3CEC0F257DFB16001E901E /* Sources */,
				4E3CEC10257DFB16001E901E /* Frameworks */,
				4E3CEC11257DFB16001E901E /* Resources */,
				6588AC8371EE8420FD2D7464 /* [CP] Embed Pods Frameworks */,
			);
			buildRules = (
			);
			dependencies = (
			);
			name = bookshelf;
			productName = bookshelf;
			productReference = 4E3CEC13257DFB16001E901E /* bookshelf.app */;
			productType = "com.apple.product-type.application";
		};
/* End PBXNativeTarget section */

/* Begin PBXProject section */
		4E3CEC0B257DFB16001E901E /* Project object */ = {
			isa = PBXProject;
			attributes = {
				LastSwiftUpdateCheck = 1150;
				LastUpgradeCheck = 1150;
				ORGANIZATIONNAME = hiroki.nakai;
				TargetAttributes = {
					4E3CEC12257DFB16001E901E = {
						CreatedOnToolsVersion = 11.5;
					};
				};
			};
			buildConfigurationList = 4E3CEC0E257DFB16001E901E /* Build configuration list for PBXProject "bookshelf" */;
			compatibilityVersion = "Xcode 9.3";
			developmentRegion = en;
			hasScannedForEncodings = 0;
			knownRegions = (
				en,
				Base,
			);
			mainGroup = 4E3CEC0A257DFB16001E901E;
			productRefGroup = 4E3CEC14257DFB16001E901E /* Products */;
			projectDirPath = "";
			projectRoot = "";
			targets = (
				4E3CEC12257DFB16001E901E /* bookshelf */,
			);
		};
/* End PBXProject section */

/* Begin PBXResourcesBuildPhase section */
		4E3CEC11257DFB16001E901E /* Resources */ = {
			isa = PBXResourcesBuildPhase;
			buildActionMask = 2147483647;
			files = (
				4E3CEC23257DFB1C001E901E /* LaunchScreen.storyboard in Resources */,
				4E3CEC3B257E09D1001E901E /* GoogleService-Info.plist in Resources */,
				4E3CEC20257DFB1C001E901E /* Assets.xcassets in Resources */,
				4E3CEC1E257DFB16001E901E /* Main.storyboard in Resources */,
			);
			runOnlyForDeploymentPostprocessing = 0;
		};
/* End PBXResourcesBuildPhase section */

/* Begin PBXShellScriptBuildPhase section */
		6588AC8371EE8420FD2D7464 /* [CP] Embed Pods Frameworks */ = {
			isa = PBXShellScriptBuildPhase;
			buildActionMask = 2147483647;
			files = (
			);
			inputFileListPaths = (
				"${PODS_ROOT}/Target Support Files/Pods-bookshelf/Pods-bookshelf-frameworks-${CONFIGURATION}-input-files.xcfilelist",
			);
			name = "[CP] Embed Pods Frameworks";
			outputFileListPaths = (
				"${PODS_ROOT}/Target Support Files/Pods-bookshelf/Pods-bookshelf-frameworks-${CONFIGURATION}-output-files.xcfilelist",
			);
			runOnlyForDeploymentPostprocessing = 0;
			shellPath = /bin/sh;
			shellScript = "\"${PODS_ROOT}/Target Support Files/Pods-bookshelf/Pods-bookshelf-frameworks.sh\"\n";
			showEnvVarsInLog = 0;
		};
		A17FAED71BF37FF561B1273B /* [CP] Check Pods Manifest.lock */ = {
			isa = PBXShellScriptBuildPhase;
			buildActionMask = 2147483647;
			files = (
			);
			inputFileListPaths = (
			);
			inputPaths = (
				"${PODS_PODFILE_DIR_PATH}/Podfile.lock",
				"${PODS_ROOT}/Manifest.lock",
			);
			name = "[CP] Check Pods Manifest.lock";
			outputFileListPaths = (
			);
			outputPaths = (
				"$(DERIVED_FILE_DIR)/Pods-bookshelf-checkManifestLockResult.txt",
			);
			runOnlyForDeploymentPostprocessing = 0;
			shellPath = /bin/sh;
			shellScript = "diff \"${PODS_PODFILE_DIR_PATH}/Podfile.lock\" \"${PODS_ROOT}/Manifest.lock\" > /dev/null\nif [ $? != 0 ] ; then\n    # print error to STDERR\n    echo \"error: The sandbox is not in sync with the Podfile.lock. Run 'pod install' or update your CocoaPods installation.\" >&2\n    exit 1\nfi\n# This output is used by Xcode 'outputs' to avoid re-running this script phase.\necho \"SUCCESS\" > \"${SCRIPT_OUTPUT_FILE_0}\"\n";
			showEnvVarsInLog = 0;
		};
/* End PBXShellScriptBuildPhase section */

/* Begin PBXSourcesBuildPhase section */
		4E3CEC0F257DFB16001E901E /* Sources */ = {
			isa = PBXSourcesBuildPhase;
			buildActionMask = 2147483647;
			files = (
				4E3CEC2D257DFBAD001E901E /* HomeViewController.swift in Sources */,
				4E3CEC2B257DFB8B001E901E /* LoginViewController.swift in Sources */,
				4E3CEC31257DFBE8001E901E /* PostViewController.swift in Sources */,
				4E3CEC39257E06B3001E901E /* TabBarController.swift in Sources */,
				4E3CEC33257DFC03001E901E /* SettingViewController.swift in Sources */,
				4E3CEC35257E0467001E901E /* BookshelfViewController.swift in Sources */,
				4E3CEC17257DFB16001E901E /* AppDelegate.swift in Sources */,
				4E3CEC2F257DFBCB001E901E /* CodeReaderViewController.swift in Sources */,
				4E3CEC19257DFB16001E901E /* SceneDelegate.swift in Sources */,
				4E3CEC3D2585F1B8001E901E /* Const.swift in Sources */,
			);
			runOnlyForDeploymentPostprocessing = 0;
		};
/* End PBXSourcesBuildPhase section */

/* Begin PBXVariantGroup section */
		4E3CEC1C257DFB16001E901E /* Main.storyboard */ = {
			isa = PBXVariantGroup;
			children = (
				4E3CEC1D257DFB16001E901E /* Base */,
			);
			name = Main.storyboard;
			sourceTree = "<group>";
		};
		4E3CEC21257DFB1C001E901E /* LaunchScreen.storyboard */ = {
			isa = PBXVariantGroup;
			children = (
				4E3CEC22257DFB1C001E901E /* Base */,
			);
			name = LaunchScreen.storyboard;
			sourceTree = "<group>";
		};
/* End PBXVariantGroup section */

/* Begin XCBuildConfiguration section */
		4E3CEC25257DFB1C001E901E /* Debug */ = {
			isa = XCBuildConfiguration;
			buildSettings = {
				ALWAYS_SEARCH_USER_PATHS = NO;
				CLANG_ANALYZER_NONNULL = YES;
				CLANG_ANALYZER_NUMBER_OBJECT_CONVERSION = YES_AGGRESSIVE;
				CLANG_CXX_LANGUAGE_STANDARD = "gnu++14";
				CLANG_CXX_LIBRARY = "libc++";
				CLANG_ENABLE_MODULES = YES;
				CLANG_ENABLE_OBJC_ARC = YES;
				CLANG_ENABLE_OBJC_WEAK = YES;
				CLANG_WARN_BLOCK_CAPTURE_AUTORELEASING = YES;
				CLANG_WARN_BOOL_CONVERSION = YES;
				CLANG_WARN_COMMA = YES;
				CLANG_WARN_CONSTANT_CONVERSION = YES;
				CLANG_WARN_DEPRECATED_OBJC_IMPLEMENTATIONS = YES;
				CLANG_WARN_DIRECT_OBJC_ISA_USAGE = YES_ERROR;
				CLANG_WARN_DOCUMENTATION_COMMENTS = YES;
				CLANG_WARN_EMPTY_BODY = YES;
				CLANG_WARN_ENUM_CONVERSION = YES;
				CLANG_WARN_INFINITE_RECURSION = YES;
				CLANG_WARN_INT_CONVERSION = YES;
				CLANG_WARN_NON_LITERAL_NULL_CONVERSION = YES;
				CLANG_WARN_OBJC_IMPLICIT_RETAIN_SELF = YES;
				CLANG_WARN_OBJC_LITERAL_CONVERSION = YES;
				CLANG_WARN_OBJC_ROOT_CLASS = YES_ERROR;
				CLANG_WARN_RANGE_LOOP_ANALYSIS = YES;
				CLANG_WARN_STRICT_PROTOTYPES = YES;
				CLANG_WARN_SUSPICIOUS_MOVE = YES;
				CLANG_WARN_UNGUARDED_AVAILABILITY = YES_AGGRESSIVE;
				CLANG_WARN_UNREACHABLE_CODE = YES;
				CLANG_WARN__DUPLICATE_METHOD_MATCH = YES;
				COPY_PHASE_STRIP = NO;
				DEBUG_INFORMATION_FORMAT = dwarf;
				ENABLE_STRICT_OBJC_MSGSEND = YES;
				ENABLE_TESTABILITY = YES;
				GCC_C_LANGUAGE_STANDARD = gnu11;
				GCC_DYNAMIC_NO_PIC = NO;
				GCC_NO_COMMON_BLOCKS = YES;
				GCC_OPTIMIZATION_LEVEL = 0;
				GCC_PREPROCESSOR_DEFINITIONS = (
					"DEBUG=1",
					"$(inherited)",
				);
				GCC_WARN_64_TO_32_BIT_CONVERSION = YES;
				GCC_WARN_ABOUT_RETURN_TYPE = YES_ERROR;
				GCC_WARN_UNDECLARED_SELECTOR = YES;
				GCC_WARN_UNINITIALIZED_AUTOS = YES_AGGRESSIVE;
				GCC_WARN_UNUSED_FUNCTION = YES;
				GCC_WARN_UNUSED_VARIABLE = YES;
				IPHONEOS_DEPLOYMENT_TARGET = 13.5;
				MTL_ENABLE_DEBUG_INFO = INCLUDE_SOURCE;
				MTL_FAST_MATH = YES;
				ONLY_ACTIVE_ARCH = YES;
				SDKROOT = iphoneos;
				SWIFT_ACTIVE_COMPILATION_CONDITIONS = DEBUG;
				SWIFT_OPTIMIZATION_LEVEL = "-Onone";
			};
			name = Debug;
		};
		4E3CEC26257DFB1C001E901E /* Release */ = {
			isa = XCBuildConfiguration;
			buildSettings = {
				ALWAYS_SEARCH_USER_PATHS = NO;
				CLANG_ANALYZER_NONNULL = YES;
				CLANG_ANALYZER_NUMBER_OBJECT_CONVERSION = YES_AGGRESSIVE;
				CLANG_CXX_LANGUAGE_STANDARD = "gnu++14";
				CLANG_CXX_LIBRARY = "libc++";
				CLANG_ENABLE_MODULES = YES;
				CLANG_ENABLE_OBJC_ARC = YES;
				CLANG_ENABLE_OBJC_WEAK = YES;
				CLANG_WARN_BLOCK_CAPTURE_AUTORELEASING = YES;
				CLANG_WARN_BOOL_CONVERSION = YES;
				CLANG_WARN_COMMA = YES;
				CLANG_WARN_CONSTANT_CONVERSION = YES;
				CLANG_WARN_DEPRECATED_OBJC_IMPLEMENTATIONS = YES;
				CLANG_WARN_DIRECT_OBJC_ISA_USAGE = YES_ERROR;
				CLANG_WARN_DOCUMENTATION_COMMENTS = YES;
				CLANG_WARN_EMPTY_BODY = YES;
				CLANG_WARN_ENUM_CONVERSION = YES;
				CLANG_WARN_INFINITE_RECURSION = YES;
				CLANG_WARN_INT_CONVERSION = YES;
				CLANG_WARN_NON_LITERAL_NULL_CONVERSION = YES;
				CLANG_WARN_OBJC_IMPLICIT_RETAIN_SELF = YES;
				CLANG_WARN_OBJC_LITERAL_CONVERSION = YES;
				CLANG_WARN_OBJC_ROOT_CLASS = YES_ERROR;
				CLANG_WARN_RANGE_LOOP_ANALYSIS = YES;
				CLANG_WARN_STRICT_PROTOTYPES = YES;
				CLANG_WARN_SUSPICIOUS_MOVE = YES;
				CLANG_WARN_UNGUARDED_AVAILABILITY = YES_AGGRESSIVE;
				CLANG_WARN_UNREACHABLE_CODE = YES;
				CLANG_WARN__DUPLICATE_METHOD_MATCH = YES;
				COPY_PHASE_STRIP = NO;
				DEBUG_INFORMATION_FORMAT = "dwarf-with-dsym";
				ENABLE_NS_ASSERTIONS = NO;
				ENABLE_STRICT_OBJC_MSGSEND = YES;
				GCC_C_LANGUAGE_STANDARD = gnu11;
				GCC_NO_COMMON_BLOCKS = YES;
				GCC_WARN_64_TO_32_BIT_CONVERSION = YES;
				GCC_WARN_ABOUT_RETURN_TYPE = YES_ERROR;
				GCC_WARN_UNDECLARED_SELECTOR = YES;
				GCC_WARN_UNINITIALIZED_AUTOS = YES_AGGRESSIVE;
				GCC_WARN_UNUSED_FUNCTION = YES;
				GCC_WARN_UNUSED_VARIABLE = YES;
				IPHONEOS_DEPLOYMENT_TARGET = 13.5;
				MTL_ENABLE_DEBUG_INFO = NO;
				MTL_FAST_MATH = YES;
				SDKROOT = iphoneos;
				SWIFT_COMPILATION_MODE = wholemodule;
				SWIFT_OPTIMIZATION_LEVEL = "-O";
				VALIDATE_PRODUCT = YES;
			};
			name = Release;
		};
		4E3CEC28257DFB1C001E901E /* Debug */ = {
			isa = XCBuildConfiguration;
			baseConfigurationReference = 6CD70F132707956990876B45 /* Pods-bookshelf.debug.xcconfig */;
			buildSettings = {
				ASSETCATALOG_COMPILER_APPICON_NAME = AppIcon;
				CODE_SIGN_STYLE = Automatic;
				DEVELOPMENT_TEAM = 7CNBP33B55;
				INFOPLIST_FILE = bookshelf/Info.plist;
				LD_RUNPATH_SEARCH_PATHS = (
					"$(inherited)",
					"@executable_path/Frameworks",
				);
				PRODUCT_BUNDLE_IDENTIFIER = jp.techacademy.hiroki.nakai.bookshelf;
				PRODUCT_NAME = "$(TARGET_NAME)";
				SWIFT_VERSION = 5.0;
				TARGETED_DEVICE_FAMILY = 1;
			};
			name = Debug;
		};
		4E3CEC29257DFB1C001E901E /* Release */ = {
			isa = XCBuildConfiguration;
			baseConfigurationReference = 550F35AF118CE539F37DD42F /* Pods-bookshelf.release.xcconfig */;
			buildSettings = {
				ASSETCATALOG_COMPILER_APPICON_NAME = AppIcon;
				CODE_SIGN_STYLE = Automatic;
				DEVELOPMENT_TEAM = 7CNBP33B55;
				INFOPLIST_FILE = bookshelf/Info.plist;
				LD_RUNPATH_SEARCH_PATHS = (
					"$(inherited)",
					"@executable_path/Frameworks",
				);
				PRODUCT_BUNDLE_IDENTIFIER = jp.techacademy.hiroki.nakai.bookshelf;
				PRODUCT_NAME = "$(TARGET_NAME)";
				SWIFT_VERSION = 5.0;
				TARGETED_DEVICE_FAMILY = 1;
			};
			name = Release;
		};
/* End XCBuildConfiguration section */

/* Begin XCConfigurationList section */
		4E3CEC0E257DFB16001E901E /* Build configuration list for PBXProject "bookshelf" */ = {
			isa = XCConfigurationList;
			buildConfigurations = (
				4E3CEC25257DFB1C001E901E /* Debug */,
				4E3CEC26257DFB1C001E901E /* Release */,
			);
			defaultConfigurationIsVisible = 0;
			defaultConfigurationName = Release;
		};
		4E3CEC27257DFB1C001E901E /* Build configuration list for PBXNativeTarget "bookshelf" */ = {
			isa = XCConfigurationList;
			buildConfigurations = (
				4E3CEC28257DFB1C001E901E /* Debug */,
				4E3CEC29257DFB1C001E901E /* Release */,
			);
			defaultConfigurationIsVisible = 0;
			defaultConfigurationName = Release;
		};
/* End XCConfigurationList section */
	};
	rootObject = 4E3CEC0B257DFB16001E901E /* Project object */;
}
